
Microsoft Visual Studio Solution File, Format Version 12.00
# Visual Studio Version 16
VisualStudioVersion = 16.0.31702.278
MinimumVisualStudioVersion = 10.0.40219.1
Project("{FAE04EC0-301F-11D3-BF4B-00C04F79EFBC}") = "BankExchangeRatesAPI", "BankExchangeRatesAPI\BankExchangeRatesAPI.csproj", "{E61C97CD-85F1-4434-8CE7-812FF70C9C7A}"
EndProject
Global
	GlobalSection(SolutionConfigurationPlatforms) = preSolution
		Debug|Any CPU = Debug|Any CPU
		Release|Any CPU = Release|Any CPU
	EndGlobalSection
	GlobalSection(ProjectConfigurationPlatforms) = postSolution
		{E61C97CD-85F1-4434-8CE7-812FF70C9C7A}.Debug|Any CPU.ActiveCfg = Debug|Any CPU
		{E61C97CD-85F1-4434-8CE7-812FF70C9C7A}.Debug|Any CPU.Build.0 = Debug|Any CPU
		{E61C97CD-85F1-4434-8CE7-812FF70C9C7A}.Release|Any CPU.ActiveCfg = Release|Any CPU
		{E61C97CD-85F1-4434-8CE7-812FF70C9C7A}.Release|Any CPU.Build.0 = Release|Any CPU
	EndGlobalSection
	GlobalSection(SolutionProperties) = preSolution
		HideSolutionNode = FALSE
	EndGlobalSection
	GlobalSection(ExtensibilityGlobals) = postSolution
		SolutionGuid = {70CE08BA-FC97-412C-80C1-058A95104585}
	EndGlobalSection
EndGlobal
